
Microsoft Visual Studio Solution File, Format Version 12.00
# Visual Studio Version 17
VisualStudioVersion = 17.3.32825.248
MinimumVisualStudioVersion = 10.0.40219.1
Project("{9A19103F-16F7-4668-BE54-9A1E7A4F7556}") = "asp_netHomePagesep02", "asp_netHomePagesep02\asp_netHomePagesep02.csproj", "{D7037786-3D2C-4B74-BB17-406936C0CC88}"
EndProject
Project("{FAE04EC0-301F-11D3-BF4B-00C04F79EFBC}") = "Task3", "Task3\Task3.csproj", "{0787CB43-3B35-43E1-A8C2-5671D94D67FC}"
EndProject
Project("{FAE04EC0-301F-11D3-BF4B-00C04F79EFBC}") = "02sep_TaskRegis", "02sep_TaskRegis\02sep_TaskRegis.csproj", "{1E461F34-2FF7-4C8F-AB13-FC6A3F33FB71}"
EndProject
Project("{FAE04EC0-301F-11D3-BF4B-00C04F79EFBC}") = "02Sep_Task_Validation", "02Sep_Task_Validation\02Sep_Task_Validation.csproj", "{C592192F-B3B3-446F-93DA-453F02D65830}"
EndProject
Global
	GlobalSection(SolutionConfigurationPlatforms) = preSolution
		Debug|Any CPU = Debug|Any CPU
		Release|Any CPU = Release|Any CPU
	EndGlobalSection
	GlobalSection(ProjectConfigurationPlatforms) = postSolution
		{D7037786-3D2C-4B74-BB17-406936C0CC88}.Debug|Any CPU.ActiveCfg = Debug|Any CPU
		{D7037786-3D2C-4B74-BB17-406936C0CC88}.Debug|Any CPU.Build.0 = Debug|Any CPU
		{D7037786-3D2C-4B74-BB17-406936C0CC88}.Release|Any CPU.ActiveCfg = Release|Any CPU
		{D7037786-3D2C-4B74-BB17-406936C0CC88}.Release|Any CPU.Build.0 = Release|Any CPU
		{0787CB43-3B35-43E1-A8C2-5671D94D67FC}.Debug|Any CPU.ActiveCfg = Debug|Any CPU
		{0787CB43-3B35-43E1-A8C2-5671D94D67FC}.Debug|Any CPU.Build.0 = Debug|Any CPU
		{0787CB43-3B35-43E1-A8C2-5671D94D67FC}.Release|Any CPU.ActiveCfg = Release|Any CPU
		{0787CB43-3B35-43E1-A8C2-5671D94D67FC}.Release|Any CPU.Build.0 = Release|Any CPU
		{1E461F34-2FF7-4C8F-AB13-FC6A3F33FB71}.Debug|Any CPU.ActiveCfg = Debug|Any CPU
		{1E461F34-2FF7-4C8F-AB13-FC6A3F33FB71}.Debug|Any CPU.Build.0 = Debug|Any CPU
		{1E461F34-2FF7-4C8F-AB13-FC6A3F33FB71}.Release|Any CPU.ActiveCfg = Release|Any CPU
		{1E461F34-2FF7-4C8F-AB13-FC6A3F33FB71}.Release|Any CPU.Build.0 = Release|Any CPU
		{C592192F-B3B3-446F-93DA-453F02D65830}.Debug|Any CPU.ActiveCfg = Debug|Any CPU
		{C592192F-B3B3-446F-93DA-453F02D65830}.Debug|Any CPU.Build.0 = Debug|Any CPU
		{C592192F-B3B3-446F-93DA-453F02D65830}.Release|Any CPU.ActiveCfg = Release|Any CPU
		{C592192F-B3B3-446F-93DA-453F02D65830}.Release|Any CPU.Build.0 = Release|Any CPU
	EndGlobalSection
	GlobalSection(SolutionProperties) = preSolution
		HideSolutionNode = FALSE
	EndGlobalSection
	GlobalSection(ExtensibilityGlobals) = postSolution
		SolutionGuid = {48E217BF-C4CE-41D9-82D3-111A1BE93A44}
	EndGlobalSection
EndGlobal
